
Microsoft Visual Studio Solution File, Format Version 12.00
# Visual Studio Version 16
VisualStudioVersion = 16.0.30413.136
MinimumVisualStudioVersion = 10.0.40219.1
Project("{8BC9CEB8-8B4A-11D0-8D11-00A0C91BC942}") = "shapes", "shapes\shapes.vcxproj", "{BE88FBB0-5E6B-4FDF-8DDF-E34CA7AD538B}"
EndProject
Global
	GlobalSection(SolutionConfigurationPlatforms) = preSolution
		Debug|x64 = Debug|x64
		Debug|x86 = Debug|x86
		Release|x64 = Release|x64
		Release|x86 = Release|x86
	EndGlobalSection
	GlobalSection(ProjectConfigurationPlatforms) = postSolution
		{BE88FBB0-5E6B-4FDF-8DDF-E34CA7AD538B}.Debug|x64.ActiveCfg = Debug|x64
		{BE88FBB0-5E6B-4FDF-8DDF-E34CA7AD538B}.Debug|x64.Build.0 = Debug|x64
		{BE88FBB0-5E6B-4FDF-8DDF-E34CA7AD538B}.Debug|x86.ActiveCfg = Debug|Win32
		{BE88FBB0-5E6B-4FDF-8DDF-E34CA7AD538B}.Debug|x86.Build.0 = Debug|Win32
		{BE88FBB0-5E6B-4FDF-8DDF-E34CA7AD538B}.Release|x64.ActiveCfg = Release|x64
		{BE88FBB0-5E6B-4FDF-8DDF-E34CA7AD538B}.Release|x64.Build.0 = Release|x64
		{BE88FBB0-5E6B-4FDF-8DDF-E34CA7AD538B}.Release|x86.ActiveCfg = Release|Win32
		{BE88FBB0-5E6B-4FDF-8DDF-E34CA7AD538B}.Release|x86.Build.0 = Release|Win32
	EndGlobalSection
	GlobalSection(SolutionProperties) = preSolution
		HideSolutionNode = FALSE
	EndGlobalSection
	GlobalSection(ExtensibilityGlobals) = postSolution
		SolutionGuid = {7F07D5F9-9574-46D4-B412-DEB444528374}
	EndGlobalSection
EndGlobal
